
Microsoft Visual Studio Solution File, Format Version 12.00
# Visual Studio Version 16
VisualStudioVersion = 16.0.32510.428
MinimumVisualStudioVersion = 10.0.40219.1
Project("{FAE04EC0-301F-11D3-BF4B-00C04F79EFBC}") = "ConsoleAppEjercicio13", "ConsoleAppEjercicio13\ConsoleAppEjercicio13.csproj", "{8AB3287F-E691-4350-968E-8F68927CFE72}"
EndProject
Global
	GlobalSection(SolutionConfigurationPlatforms) = preSolution
		Debug|Any CPU = Debug|Any CPU
		Release|Any CPU = Release|Any CPU
	EndGlobalSection
	GlobalSection(ProjectConfigurationPlatforms) = postSolution
		{8AB3287F-E691-4350-968E-8F68927CFE72}.Debug|Any CPU.ActiveCfg = Debug|Any CPU
		{8AB3287F-E691-4350-968E-8F68927CFE72}.Debug|Any CPU.Build.0 = Debug|Any CPU
		{8AB3287F-E691-4350-968E-8F68927CFE72}.Release|Any CPU.ActiveCfg = Release|Any CPU
		{8AB3287F-E691-4350-968E-8F68927CFE72}.Release|Any CPU.Build.0 = Release|Any CPU
	EndGlobalSection
	GlobalSection(SolutionProperties) = preSolution
		HideSolutionNode = FALSE
	EndGlobalSection
	GlobalSection(ExtensibilityGlobals) = postSolution
		SolutionGuid = {2F9B2E59-1449-43D4-89AB-3B273CB67F25}
	EndGlobalSection
EndGlobal
